// !$*UTF8*$!
{
	archiveVersion = 1;
	classes = {
	};
	objectVersion = 50;
	objects = {

/* Begin PBXBuildFile section */
		03FF45992508383C00F1561D /* AppDelegate.swift in Sources */ = {isa = PBXBuildFile; fileRef = 03FF45982508383C00F1561D /* AppDelegate.swift */; };
		03FF459B2508383C00F1561D /* GameScene.sks in Resources */ = {isa = PBXBuildFile; fileRef = 03FF459A2508383C00F1561D /* GameScene.sks */; };
		03FF459D2508383C00F1561D /* Actions.sks in Resources */ = {isa = PBXBuildFile; fileRef = 03FF459C2508383C00F1561D /* Actions.sks */; };
		03FF459F2508383C00F1561D /* GameScene.swift in Sources */ = {isa = PBXBuildFile; fileRef = 03FF459E2508383C00F1561D /* GameScene.swift */; };
		03FF45A12508383C00F1561D /* ViewController.swift in Sources */ = {isa = PBXBuildFile; fileRef = 03FF45A02508383C00F1561D /* ViewController.swift */; };
		03FF45A32508383E00F1561D /* Assets.xcassets in Resources */ = {isa = PBXBuildFile; fileRef = 03FF45A22508383E00F1561D /* Assets.xcassets */; };
		03FF45A62508383E00F1561D /* Main.storyboard in Resources */ = {isa = PBXBuildFile; fileRef = 03FF45A42508383E00F1561D /* Main.storyboard */; };
		03FF45AF2509331300F1561D /* Plane.swift in Sources */ = {isa = PBXBuildFile; fileRef = 03FF45AE2509331300F1561D /* Plane.swift */; };
		03FF45B125093BF900F1561D /* Letters.swift in Sources */ = {isa = PBXBuildFile; fileRef = 03FF45B025093BF900F1561D /* Letters.swift */; };
/* End PBXBuildFile section */

/* Begin PBXFileReference section */
		03FF45952508383C00F1561D /* atc.app */ = {isa = PBXFileReference; explicitFileType = wrapper.application; includeInIndex = 0; path = atc.app; sourceTree = BUILT_PRODUCTS_DIR; };
		03FF45982508383C00F1561D /* AppDelegate.swift */ = {isa = PBXFileReference; lastKnownFileType = sourcecode.swift; path = AppDelegate.swift; sourceTree = "<group>"; };
		03FF459A2508383C00F1561D /* GameScene.sks */ = {isa = PBXFileReference; lastKnownFileType = file.sks; path = GameScene.sks; sourceTree = "<group>"; };
		03FF459C2508383C00F1561D /* Actions.sks */ = {isa = PBXFileReference; lastKnownFileType = file.sks; path = Actions.sks; sourceTree = "<group>"; };
		03FF459E2508383C00F1561D /* GameScene.swift */ = {isa = PBXFileReference; lastKnownFileType = sourcecode.swift; path = GameScene.swift; sourceTree = "<group>"; };
		03FF45A02508383C00F1561D /* ViewController.swift */ = {isa = PBXFileReference; lastKnownFileType = sourcecode.swift; path = ViewController.swift; sourceTree = "<group>"; };
		03FF45A22508383E00F1561D /* Assets.xcassets */ = {isa = PBXFileReference; lastKnownFileType = folder.assetcatalog; path = Assets.xcassets; sourceTree = "<group>"; };
		03FF45A52508383E00F1561D /* Base */ = {isa = PBXFileReference; lastKnownFileType = file.storyboard; name = Base; path = Base.lproj/Main.storyboard; sourceTree = "<group>"; };
		03FF45A72508383E00F1561D /* Info.plist */ = {isa = PBXFileReference; lastKnownFileType = text.plist.xml; path = Info.plist; sourceTree = "<group>"; };
		03FF45A82508383E00F1561D /* atc.entitlements */ = {isa = PBXFileReference; lastKnownFileType = text.plist.entitlements; path = atc.entitlements; sourceTree = "<group>"; };
		03FF45AE2509331300F1561D /* Plane.swift */ = {isa = PBXFileReference; lastKnownFileType = sourcecode.swift; path = Plane.swift; sourceTree = "<group>"; };
		03FF45B025093BF900F1561D /* Letters.swift */ = {isa = PBXFileReference; lastKnownFileType = sourcecode.swift; path = Letters.swift; sourceTree = "<group>"; };
/* End PBXFileReference section */

/* Begin PBXFrameworksBuildPhase section */
		03FF45922508383C00F1561D /* Frameworks */ = {
			isa = PBXFrameworksBuildPhase;
			buildActionMask = 2147483647;
			files = (
			);
			runOnlyForDeploymentPostprocessing = 0;
		};
/* End PBXFrameworksBuildPhase section */

/* Begin PBXGroup section */
		03FF458C2508383C00F1561D = {
			isa = PBXGroup;
			children = (
				03FF45972508383C00F1561D /* atc */,
				03FF45962508383C00F1561D /* Products */,
			);
			sourceTree = "<group>";
		};
		03FF45962508383C00F1561D /* Products */ = {
			isa = PBXGroup;
			children = (
				03FF45952508383C00F1561D /* atc.app */,
			);
			name = Products;
			sourceTree = "<group>";
		};
		03FF45972508383C00F1561D /* atc */ = {
			isa = PBXGroup;
			children = (
				03FF45982508383C00F1561D /* AppDelegate.swift */,
				03FF459A2508383C00F1561D /* GameScene.sks */,
				03FF459C2508383C00F1561D /* Actions.sks */,
				03FF459E2508383C00F1561D /* GameScene.swift */,
				03FF45A02508383C00F1561D /* ViewController.swift */,
				03FF45A22508383E00F1561D /* Assets.xcassets */,
				03FF45A42508383E00F1561D /* Main.storyboard */,
				03FF45A72508383E00F1561D /* Info.plist */,
				03FF45A82508383E00F1561D /* atc.entitlements */,
				03FF45AE2509331300F1561D /* Plane.swift */,
				03FF45B025093BF900F1561D /* Letters.swift */,
			);
			path = atc;
			sourceTree = "<group>";
		};
/* End PBXGroup section */

/* Begin PBXNativeTarget section */
		03FF45942508383C00F1561D /* atc */ = {
			isa = PBXNativeTarget;
			buildConfigurationList = 03FF45AB2508383E00F1561D /* Build configuration list for PBXNativeTarget "atc" */;
			buildPhases = (
				03FF45912508383C00F1561D /* Sources */,
				03FF45922508383C00F1561D /* Frameworks */,
				03FF45932508383C00F1561D /* Resources */,
			);
			buildRules = (
			);
			dependencies = (
			);
			name = atc;
			productName = atc;
			productReference = 03FF45952508383C00F1561D /* atc.app */;
			productType = "com.apple.product-type.application";
		};
/* End PBXNativeTarget section */

/* Begin PBXProject section */
		03FF458D2508383C00F1561D /* Project object */ = {
			isa = PBXProject;
			attributes = {
				LastSwiftUpdateCheck = 1170;
				LastUpgradeCheck = 1170;
				ORGANIZATIONNAME = "Vincent Fumo";
				TargetAttributes = {
					03FF45942508383C00F1561D = {
						CreatedOnToolsVersion = 11.7;
					};
				};
			};
			buildConfigurationList = 03FF45902508383C00F1561D /* Build configuration list for PBXProject "atc" */;
			compatibilityVersion = "Xcode 9.3";
			developmentRegion = en;
			hasScannedForEncodings = 0;
			knownRegions = (
				en,
				Base,
			);
			mainGroup = 03FF458C2508383C00F1561D;
			productRefGroup = 03FF45962508383C00F1561D /* Products */;
			projectDirPath = "";
			projectRoot = "";
			targets = (
				03FF45942508383C00F1561D /* atc */,
			);
		};
/* End PBXProject section */

/* Begin PBXResourcesBuildPhase section */
		03FF45932508383C00F1561D /* Resources */ = {
			isa = PBXResourcesBuildPhase;
			buildActionMask = 2147483647;
			files = (
				03FF459B2508383C00F1561D /* GameScene.sks in Resources */,
				03FF45A32508383E00F1561D /* Assets.xcassets in Resources */,
				03FF459D2508383C00F1561D /* Actions.sks in Resources */,
				03FF45A62508383E00F1561D /* Main.storyboard in Resources */,
			);
			runOnlyForDeploymentPostprocessing = 0;
		};
/* End PBXResourcesBuildPhase section */

/* Begin PBXSourcesBuildPhase section */
		03FF45912508383C00F1561D /* Sources */ = {
			isa = PBXSourcesBuildPhase;
			buildActionMask = 2147483647;
			files = (
				03FF45A12508383C00F1561D /* ViewController.swift in Sources */,
				03FF45B125093BF900F1561D /* Letters.swift in Sources */,
				03FF459F2508383C00F1561D /* GameScene.swift in Sources */,
				03FF45AF2509331300F1561D /* Plane.swift in Sources */,
				03FF45992508383C00F1561D /* AppDelegate.swift in Sources */,
			);
			runOnlyForDeploymentPostprocessing = 0;
		};
/* End PBXSourcesBuildPhase section */

/* Begin PBXVariantGroup section */
		03FF45A42508383E00F1561D /* Main.storyboard */ = {
			isa = PBXVariantGroup;
			children = (
				03FF45A52508383E00F1561D /* Base */,
			);
			name = Main.storyboard;
			sourceTree = "<group>";
		};
/* End PBXVariantGroup section */

/* Begin XCBuildConfiguration section */
		03FF45A92508383E00F1561D /* Debug */ = {
			isa = XCBuildConfiguration;
			buildSettings = {
				ALWAYS_SEARCH_USER_PATHS = NO;
				CLANG_ANALYZER_NONNULL = YES;
				CLANG_ANALYZER_NUMBER_OBJECT_CONVERSION = YES_AGGRESSIVE;
				CLANG_CXX_LANGUAGE_STANDARD = "gnu++14";
				CLANG_CXX_LIBRARY = "libc++";
				CLANG_ENABLE_MODULES = YES;
				CLANG_ENABLE_OBJC_ARC = YES;
				CLANG_ENABLE_OBJC_WEAK = YES;
				CLANG_WARN_BLOCK_CAPTURE_AUTORELEASING = YES;
				CLANG_WARN_BOOL_CONVERSION = YES;
				CLANG_WARN_COMMA = YES;
				CLANG_WARN_CONSTANT_CONVERSION = YES;
				CLANG_WARN_DEPRECATED_OBJC_IMPLEMENTATIONS = YES;
				CLANG_WARN_DIRECT_OBJC_ISA_USAGE = YES_ERROR;
				CLANG_WARN_DOCUMENTATION_COMMENTS = YES;
				CLANG_WARN_EMPTY_BODY = YES;
				CLANG_WARN_ENUM_CONVERSION = YES;
				CLANG_WARN_INFINITE_RECURSION = YES;
				CLANG_WARN_INT_CONVERSION = YES;
				CLANG_WARN_NON_LITERAL_NULL_CONVERSION = YES;
				CLANG_WARN_OBJC_IMPLICIT_RETAIN_SELF = YES;
				CLANG_WARN_OBJC_LITERAL_CONVERSION = YES;
				CLANG_WARN_OBJC_ROOT_CLASS = YES_ERROR;
				CLANG_WARN_RANGE_LOOP_ANALYSIS = YES;
				CLANG_WARN_STRICT_PROTOTYPES = YES;
				CLANG_WARN_SUSPICIOUS_MOVE = YES;
				CLANG_WARN_UNGUARDED_AVAILABILITY = YES_AGGRESSIVE;
				CLANG_WARN_UNREACHABLE_CODE = YES;
				CLANG_WARN__DUPLICATE_METHOD_MATCH = YES;
				COPY_PHASE_STRIP = NO;
				DEBUG_INFORMATION_FORMAT = dwarf;
				ENABLE_STRICT_OBJC_MSGSEND = YES;
				ENABLE_TESTABILITY = YES;
				GCC_C_LANGUAGE_STANDARD = gnu11;
				GCC_DYNAMIC_NO_PIC = NO;
				GCC_NO_COMMON_BLOCKS = YES;
				GCC_OPTIMIZATION_LEVEL = 0;
				GCC_PREPROCESSOR_DEFINITIONS = (
					"DEBUG=1",
					"$(inherited)",
				);
				GCC_WARN_64_TO_32_BIT_CONVERSION = YES;
				GCC_WARN_ABOUT_RETURN_TYPE = YES_ERROR;
				GCC_WARN_UNDECLARED_SELECTOR = YES;
				GCC_WARN_UNINITIALIZED_AUTOS = YES_AGGRESSIVE;
				GCC_WARN_UNUSED_FUNCTION = YES;
				GCC_WARN_UNUSED_VARIABLE = YES;
				MACOSX_DEPLOYMENT_TARGET = 10.15;
				MTL_ENABLE_DEBUG_INFO = INCLUDE_SOURCE;
				MTL_FAST_MATH = YES;
				ONLY_ACTIVE_ARCH = YES;
				SDKROOT = macosx;
				SWIFT_ACTIVE_COMPILATION_CONDITIONS = DEBUG;
				SWIFT_OPTIMIZATION_LEVEL = "-Onone";
			};
			name = Debug;
		};
		03FF45AA2508383E00F1561D /* Release */ = {
			isa = XCBuildConfiguration;
			buildSettings = {
				ALWAYS_SEARCH_USER_PATHS = NO;
				CLANG_ANALYZER_NONNULL = YES;
				CLANG_ANALYZER_NUMBER_OBJECT_CONVERSION = YES_AGGRESSIVE;
				CLANG_CXX_LANGUAGE_STANDARD = "gnu++14";
				CLANG_CXX_LIBRARY = "libc++";
				CLANG_ENABLE_MODULES = YES;
				CLANG_ENABLE_OBJC_ARC = YES;
				CLANG_ENABLE_OBJC_WEAK = YES;
				CLANG_WARN_BLOCK_CAPTURE_AUTORELEASING = YES;
				CLANG_WARN_BOOL_CONVERSION = YES;
				CLANG_WARN_COMMA = YES;
				CLANG_WARN_CONSTANT_CONVERSION = YES;
				CLANG_WARN_DEPRECATED_OBJC_IMPLEMENTATIONS = YES;
				CLANG_WARN_DIRECT_OBJC_ISA_USAGE = YES_ERROR;
				CLANG_WARN_DOCUMENTATION_COMMENTS = YES;
				CLANG_WARN_EMPTY_BODY = YES;
				CLANG_WARN_ENUM_CONVERSION = YES;
				CLANG_WARN_INFINITE_RECURSION = YES;
				CLANG_WARN_INT_CONVERSION = YES;
				CLANG_WARN_NON_LITERAL_NULL_CONVERSION = YES;
				CLANG_WARN_OBJC_IMPLICIT_RETAIN_SELF = YES;
				CLANG_WARN_OBJC_LITERAL_CONVERSION = YES;
				CLANG_WARN_OBJC_ROOT_CLASS = YES_ERROR;
				CLANG_WARN_RANGE_LOOP_ANALYSIS = YES;
				CLANG_WARN_STRICT_PROTOTYPES = YES;
				CLANG_WARN_SUSPICIOUS_MOVE = YES;
				CLANG_WARN_UNGUARDED_AVAILABILITY = YES_AGGRESSIVE;
				CLANG_WARN_UNREACHABLE_CODE = YES;
				CLANG_WARN__DUPLICATE_METHOD_MATCH = YES;
				COPY_PHASE_STRIP = NO;
				DEBUG_INFORMATION_FORMAT = "dwarf-with-dsym";
				ENABLE_NS_ASSERTIONS = NO;
				ENABLE_STRICT_OBJC_MSGSEND = YES;
				GCC_C_LANGUAGE_STANDARD = gnu11;
				GCC_NO_COMMON_BLOCKS = YES;
				GCC_WARN_64_TO_32_BIT_CONVERSION = YES;
				GCC_WARN_ABOUT_RETURN_TYPE = YES_ERROR;
				GCC_WARN_UNDECLARED_SELECTOR = YES;
				GCC_WARN_UNINITIALIZED_AUTOS = YES_AGGRESSIVE;
				GCC_WARN_UNUSED_FUNCTION = YES;
				GCC_WARN_UNUSED_VARIABLE = YES;
				MACOSX_DEPLOYMENT_TARGET = 10.15;
				MTL_ENABLE_DEBUG_INFO = NO;
				MTL_FAST_MATH = YES;
				SDKROOT = macosx;
				SWIFT_COMPILATION_MODE = wholemodule;
				SWIFT_OPTIMIZATION_LEVEL = "-O";
			};
			name = Release;
		};
		03FF45AC2508383E00F1561D /* Debug */ = {
			isa = XCBuildConfiguration;
			buildSettings = {
				ASSETCATALOG_COMPILER_APPICON_NAME = AppIcon;
				CODE_SIGN_ENTITLEMENTS = atc/atc.entitlements;
				CODE_SIGN_STYLE = Automatic;
				COMBINE_HIDPI_IMAGES = YES;
				DEVELOPMENT_TEAM = UCQZ67PF38;
				ENABLE_HARDENED_RUNTIME = YES;
				INFOPLIST_FILE = atc/Info.plist;
				LD_RUNPATH_SEARCH_PATHS = (
					"$(inherited)",
					"@executable_path/../Frameworks",
				);
				PRODUCT_BUNDLE_IDENTIFIER = com.neodem.atc;
				PRODUCT_NAME = "$(TARGET_NAME)";
				SWIFT_VERSION = 5.0;
			};
			name = Debug;
		};
		03FF45AD2508383E00F1561D /* Release */ = {
			isa = XCBuildConfiguration;
			buildSettings = {
				ASSETCATALOG_COMPILER_APPICON_NAME = AppIcon;
				CODE_SIGN_ENTITLEMENTS = atc/atc.entitlements;
				CODE_SIGN_STYLE = Automatic;
				COMBINE_HIDPI_IMAGES = YES;
				DEVELOPMENT_TEAM = UCQZ67PF38;
				ENABLE_HARDENED_RUNTIME = YES;
				INFOPLIST_FILE = atc/Info.plist;
				LD_RUNPATH_SEARCH_PATHS = (
					"$(inherited)",
					"@executable_path/../Frameworks",
				);
				PRODUCT_BUNDLE_IDENTIFIER = com.neodem.atc;
				PRODUCT_NAME = "$(TARGET_NAME)";
				SWIFT_VERSION = 5.0;
			};
			name = Release;
		};
/* End XCBuildConfiguration section */

/* Begin XCConfigurationList section */
		03FF45902508383C00F1561D /* Build configuration list for PBXProject "atc" */ = {
			isa = XCConfigurationList;
			buildConfigurations = (
				03FF45A92508383E00F1561D /* Debug */,
				03FF45AA2508383E00F1561D /* Release */,
			);
			defaultConfigurationIsVisible = 0;
			defaultConfigurationName = Release;
		};
		03FF45AB2508383E00F1561D /* Build configuration list for PBXNativeTarget "atc" */ = {
			isa = XCConfigurationList;
			buildConfigurations = (
				03FF45AC2508383E00F1561D /* Debug */,
				03FF45AD2508383E00F1561D /* Release */,
			);
			defaultConfigurationIsVisible = 0;
			defaultConfigurationName = Release;
		};
/* End XCConfigurationList section */
	};
	rootObject = 03FF458D2508383C00F1561D /* Project object */;
}
